// !$*UTF8*$!
{
	archiveVersion = 1;
	classes = {
	};
	objectVersion = 56;
	objects = {

/* Begin PBXBuildFile section */
		C60B03C328E08AB1008D4EE3 /* ExplanationViewController.swift in Sources */ = {isa = PBXBuildFile; fileRef = C60B03C228E08AB1008D4EE3 /* ExplanationViewController.swift */; };
		C60B03C528E099A9008D4EE3 /* ParseHelper.swift in Sources */ = {isa = PBXBuildFile; fileRef = C60B03C428E099A9008D4EE3 /* ParseHelper.swift */; };
		C61404D228DF088400424F93 /* ComicCollectionViewCell.swift in Sources */ = {isa = PBXBuildFile; fileRef = C61404D128DF088400424F93 /* ComicCollectionViewCell.swift */; };
		C61404D428DF5CFF00424F93 /* DetailsViewController.swift in Sources */ = {isa = PBXBuildFile; fileRef = C61404D328DF5CFF00424F93 /* DetailsViewController.swift */; };
		C684452128DE0710000F2A82 /* Network.swift in Sources */ = {isa = PBXBuildFile; fileRef = C684452028DE0710000F2A82 /* Network.swift */; };
		C684452328DE198E000F2A82 /* NetworkError.swift in Sources */ = {isa = PBXBuildFile; fileRef = C684452228DE198E000F2A82 /* NetworkError.swift */; };
		C684452528DE19D9000F2A82 /* DataProvider.swift in Sources */ = {isa = PBXBuildFile; fileRef = C684452428DE19D9000F2A82 /* DataProvider.swift */; };
		C684452728DE1A2F000F2A82 /* Comic.swift in Sources */ = {isa = PBXBuildFile; fileRef = C684452628DE1A2F000F2A82 /* Comic.swift */; };
		C684452928DE1B5C000F2A82 /* DataManager.swift in Sources */ = {isa = PBXBuildFile; fileRef = C684452828DE1B5C000F2A82 /* DataManager.swift */; };
		C6BD1F0728DDB6F500B440F0 /* AppDelegate.swift in Sources */ = {isa = PBXBuildFile; fileRef = C6BD1F0628DDB6F500B440F0 /* AppDelegate.swift */; };
		C6BD1F0928DDB6F500B440F0 /* SceneDelegate.swift in Sources */ = {isa = PBXBuildFile; fileRef = C6BD1F0828DDB6F500B440F0 /* SceneDelegate.swift */; };
		C6BD1F0B28DDB6F500B440F0 /* ComicViewController.swift in Sources */ = {isa = PBXBuildFile; fileRef = C6BD1F0A28DDB6F500B440F0 /* ComicViewController.swift */; };
		C6BD1F0E28DDB6F500B440F0 /* Main.storyboard in Resources */ = {isa = PBXBuildFile; fileRef = C6BD1F0C28DDB6F500B440F0 /* Main.storyboard */; };
		C6BD1F1028DDB6F900B440F0 /* Assets.xcassets in Resources */ = {isa = PBXBuildFile; fileRef = C6BD1F0F28DDB6F900B440F0 /* Assets.xcassets */; };
		C6BD1F1328DDB6F900B440F0 /* LaunchScreen.storyboard in Resources */ = {isa = PBXBuildFile; fileRef = C6BD1F1128DDB6F900B440F0 /* LaunchScreen.storyboard */; };
		C6BD1F1E28DDB6F900B440F0 /* shortcutHomeAssignmentTests.swift in Sources */ = {isa = PBXBuildFile; fileRef = C6BD1F1D28DDB6F900B440F0 /* shortcutHomeAssignmentTests.swift */; };
		C6BD1F2828DDB6F900B440F0 /* shortcutHomeAssignmentUITests.swift in Sources */ = {isa = PBXBuildFile; fileRef = C6BD1F2728DDB6F900B440F0 /* shortcutHomeAssignmentUITests.swift */; };
		C6BD1F2A28DDB6F900B440F0 /* shortcutHomeAssignmentUITestsLaunchTests.swift in Sources */ = {isa = PBXBuildFile; fileRef = C6BD1F2928DDB6F900B440F0 /* shortcutHomeAssignmentUITestsLaunchTests.swift */; };
		C6DCACA428E2032400A10D4D /* .swiftlint.yml in Resources */ = {isa = PBXBuildFile; fileRef = C6DCACA328E2032400A10D4D /* .swiftlint.yml */; };
/* End PBXBuildFile section */

/* Begin PBXContainerItemProxy section */
		C6BD1F1A28DDB6F900B440F0 /* PBXContainerItemProxy */ = {
			isa = PBXContainerItemProxy;
			containerPortal = C6BD1EFB28DDB6F500B440F0 /* Project object */;
			proxyType = 1;
			remoteGlobalIDString = C6BD1F0228DDB6F500B440F0;
			remoteInfo = shortcutHomeAssignment;
		};
		C6BD1F2428DDB6F900B440F0 /* PBXContainerItemProxy */ = {
			isa = PBXContainerItemProxy;
			containerPortal = C6BD1EFB28DDB6F500B440F0 /* Project object */;
			proxyType = 1;
			remoteGlobalIDString = C6BD1F0228DDB6F500B440F0;
			remoteInfo = shortcutHomeAssignment;
		};
/* End PBXContainerItemProxy section */

/* Begin PBXFileReference section */
		C60B03C228E08AB1008D4EE3 /* ExplanationViewController.swift */ = {isa = PBXFileReference; lastKnownFileType = sourcecode.swift; path = ExplanationViewController.swift; sourceTree = "<group>"; };
		C60B03C428E099A9008D4EE3 /* ParseHelper.swift */ = {isa = PBXFileReference; lastKnownFileType = sourcecode.swift; path = ParseHelper.swift; sourceTree = "<group>"; };
		C61404D128DF088400424F93 /* ComicCollectionViewCell.swift */ = {isa = PBXFileReference; lastKnownFileType = sourcecode.swift; path = ComicCollectionViewCell.swift; sourceTree = "<group>"; };
		C61404D328DF5CFF00424F93 /* DetailsViewController.swift */ = {isa = PBXFileReference; lastKnownFileType = sourcecode.swift; path = DetailsViewController.swift; sourceTree = "<group>"; };
		C684452028DE0710000F2A82 /* Network.swift */ = {isa = PBXFileReference; lastKnownFileType = sourcecode.swift; path = Network.swift; sourceTree = "<group>"; };
		C684452228DE198E000F2A82 /* NetworkError.swift */ = {isa = PBXFileReference; lastKnownFileType = sourcecode.swift; path = NetworkError.swift; sourceTree = "<group>"; };
		C684452428DE19D9000F2A82 /* DataProvider.swift */ = {isa = PBXFileReference; lastKnownFileType = sourcecode.swift; path = DataProvider.swift; sourceTree = "<group>"; };
		C684452628DE1A2F000F2A82 /* Comic.swift */ = {isa = PBXFileReference; lastKnownFileType = sourcecode.swift; path = Comic.swift; sourceTree = "<group>"; };
		C684452828DE1B5C000F2A82 /* DataManager.swift */ = {isa = PBXFileReference; lastKnownFileType = sourcecode.swift; path = DataManager.swift; sourceTree = "<group>"; };
		C6BD1F0328DDB6F500B440F0 /* shortcutHomeAssignment.app */ = {isa = PBXFileReference; explicitFileType = wrapper.application; includeInIndex = 0; path = shortcutHomeAssignment.app; sourceTree = BUILT_PRODUCTS_DIR; };
		C6BD1F0628DDB6F500B440F0 /* AppDelegate.swift */ = {isa = PBXFileReference; lastKnownFileType = sourcecode.swift; path = AppDelegate.swift; sourceTree = "<group>"; };
		C6BD1F0828DDB6F500B440F0 /* SceneDelegate.swift */ = {isa = PBXFileReference; lastKnownFileType = sourcecode.swift; path = SceneDelegate.swift; sourceTree = "<group>"; };
		C6BD1F0A28DDB6F500B440F0 /* ComicViewController.swift */ = {isa = PBXFileReference; lastKnownFileType = sourcecode.swift; path = ComicViewController.swift; sourceTree = "<group>"; };
		C6BD1F0D28DDB6F500B440F0 /* Base */ = {isa = PBXFileReference; lastKnownFileType = file.storyboard; name = Base; path = Base.lproj/Main.storyboard; sourceTree = "<group>"; };
		C6BD1F0F28DDB6F900B440F0 /* Assets.xcassets */ = {isa = PBXFileReference; lastKnownFileType = folder.assetcatalog; path = Assets.xcassets; sourceTree = "<group>"; };
		C6BD1F1228DDB6F900B440F0 /* Base */ = {isa = PBXFileReference; lastKnownFileType = file.storyboard; name = Base; path = Base.lproj/LaunchScreen.storyboard; sourceTree = "<group>"; };
		C6BD1F1428DDB6F900B440F0 /* Info.plist */ = {isa = PBXFileReference; lastKnownFileType = text.plist.xml; path = Info.plist; sourceTree = "<group>"; };
		C6BD1F1928DDB6F900B440F0 /* shortcutHomeAssignmentTests.xctest */ = {isa = PBXFileReference; explicitFileType = wrapper.cfbundle; includeInIndex = 0; path = shortcutHomeAssignmentTests.xctest; sourceTree = BUILT_PRODUCTS_DIR; };
		C6BD1F1D28DDB6F900B440F0 /* shortcutHomeAssignmentTests.swift */ = {isa = PBXFileReference; lastKnownFileType = sourcecode.swift; path = shortcutHomeAssignmentTests.swift; sourceTree = "<group>"; };
		C6BD1F2328DDB6F900B440F0 /* shortcutHomeAssignmentUITests.xctest */ = {isa = PBXFileReference; explicitFileType = wrapper.cfbundle; includeInIndex = 0; path = shortcutHomeAssignmentUITests.xctest; sourceTree = BUILT_PRODUCTS_DIR; };
		C6BD1F2728DDB6F900B440F0 /* shortcutHomeAssignmentUITests.swift */ = {isa = PBXFileReference; lastKnownFileType = sourcecode.swift; path = shortcutHomeAssignmentUITests.swift; sourceTree = "<group>"; };
		C6BD1F2928DDB6F900B440F0 /* shortcutHomeAssignmentUITestsLaunchTests.swift */ = {isa = PBXFileReference; lastKnownFileType = sourcecode.swift; path = shortcutHomeAssignmentUITestsLaunchTests.swift; sourceTree = "<group>"; };
		C6DCACA328E2032400A10D4D /* .swiftlint.yml */ = {isa = PBXFileReference; lastKnownFileType = text.yaml; path = .swiftlint.yml; sourceTree = "<group>"; };
/* End PBXFileReference section */

/* Begin PBXFrameworksBuildPhase section */
		C6BD1F0028DDB6F500B440F0 /* Frameworks */ = {
			isa = PBXFrameworksBuildPhase;
			buildActionMask = 2147483647;
			files = (
			);
			runOnlyForDeploymentPostprocessing = 0;
		};
		C6BD1F1628DDB6F900B440F0 /* Frameworks */ = {
			isa = PBXFrameworksBuildPhase;
			buildActionMask = 2147483647;
			files = (
			);
			runOnlyForDeploymentPostprocessing = 0;
		};
		C6BD1F2028DDB6F900B440F0 /* Frameworks */ = {
			isa = PBXFrameworksBuildPhase;
			buildActionMask = 2147483647;
			files = (
			);
			runOnlyForDeploymentPostprocessing = 0;
		};
/* End PBXFrameworksBuildPhase section */

/* Begin PBXGroup section */
		C6B9BF2D28DDBE5A0062F3AD /* Model */ = {
			isa = PBXGroup;
			children = (
				C684452228DE198E000F2A82 /* NetworkError.swift */,
				C684452428DE19D9000F2A82 /* DataProvider.swift */,
				C684452628DE1A2F000F2A82 /* Comic.swift */,
			);
			path = Model;
			sourceTree = "<group>";
		};
		C6B9BF2E28DDBE630062F3AD /* View */ = {
			isa = PBXGroup;
			children = (
				C61404D128DF088400424F93 /* ComicCollectionViewCell.swift */,
			);
			path = View;
			sourceTree = "<group>";
		};
		C6B9BF2F28DDBE690062F3AD /* Controller */ = {
			isa = PBXGroup;
			children = (
				C6BD1F0A28DDB6F500B440F0 /* ComicViewController.swift */,
				C61404D328DF5CFF00424F93 /* DetailsViewController.swift */,
				C60B03C228E08AB1008D4EE3 /* ExplanationViewController.swift */,
			);
			path = Controller;
			sourceTree = "<group>";
		};
		C6B9BF3028DDBEC00062F3AD /* Service */ = {
			isa = PBXGroup;
			children = (
				C684452028DE0710000F2A82 /* Network.swift */,
				C684452828DE1B5C000F2A82 /* DataManager.swift */,
				C60B03C428E099A9008D4EE3 /* ParseHelper.swift */,
			);
			path = Service;
			sourceTree = "<group>";
		};
		C6BD1EFA28DDB6F500B440F0 = {
			isa = PBXGroup;
			children = (
				C6BD1F0528DDB6F500B440F0 /* shortcutHomeAssignment */,
				C6BD1F1C28DDB6F900B440F0 /* shortcutHomeAssignmentTests */,
				C6BD1F2628DDB6F900B440F0 /* shortcutHomeAssignmentUITests */,
				C6BD1F0428DDB6F500B440F0 /* Products */,
			);
			sourceTree = "<group>";
		};
		C6BD1F0428DDB6F500B440F0 /* Products */ = {
			isa = PBXGroup;
			children = (
				C6BD1F0328DDB6F500B440F0 /* shortcutHomeAssignment.app */,
				C6BD1F1928DDB6F900B440F0 /* shortcutHomeAssignmentTests.xctest */,
				C6BD1F2328DDB6F900B440F0 /* shortcutHomeAssignmentUITests.xctest */,
			);
			name = Products;
			sourceTree = "<group>";
		};
		C6BD1F0528DDB6F500B440F0 /* shortcutHomeAssignment */ = {
			isa = PBXGroup;
			children = (
				C6B9BF2D28DDBE5A0062F3AD /* Model */,
				C6B9BF3028DDBEC00062F3AD /* Service */,
				C6B9BF2F28DDBE690062F3AD /* Controller */,
				C6B9BF2E28DDBE630062F3AD /* View */,
				C6BD1F0628DDB6F500B440F0 /* AppDelegate.swift */,
				C6BD1F0828DDB6F500B440F0 /* SceneDelegate.swift */,
				C6BD1F0C28DDB6F500B440F0 /* Main.storyboard */,
				C6BD1F0F28DDB6F900B440F0 /* Assets.xcassets */,
				C6BD1F1128DDB6F900B440F0 /* LaunchScreen.storyboard */,
				C6BD1F1428DDB6F900B440F0 /* Info.plist */,
				C6DCACA328E2032400A10D4D /* .swiftlint.yml */,
			);
			path = shortcutHomeAssignment;
			sourceTree = "<group>";
		};
		C6BD1F1C28DDB6F900B440F0 /* shortcutHomeAssignmentTests */ = {
			isa = PBXGroup;
			children = (
				C6BD1F1D28DDB6F900B440F0 /* shortcutHomeAssignmentTests.swift */,
			);
			path = shortcutHomeAssignmentTests;
			sourceTree = "<group>";
		};
		C6BD1F2628DDB6F900B440F0 /* shortcutHomeAssignmentUITests */ = {
			isa = PBXGroup;
			children = (
				C6BD1F2728DDB6F900B440F0 /* shortcutHomeAssignmentUITests.swift */,
				C6BD1F2928DDB6F900B440F0 /* shortcutHomeAssignmentUITestsLaunchTests.swift */,
			);
			path = shortcutHomeAssignmentUITests;
			sourceTree = "<group>";
		};
/* End PBXGroup section */

/* Begin PBXNativeTarget section */
		C6BD1F0228DDB6F500B440F0 /* shortcutHomeAssignment */ = {
			isa = PBXNativeTarget;
			buildConfigurationList = C6BD1F2D28DDB6F900B440F0 /* Build configuration list for PBXNativeTarget "shortcutHomeAssignment" */;
			buildPhases = (
				C6BD1EFF28DDB6F500B440F0 /* Sources */,
				C6BD1F0028DDB6F500B440F0 /* Frameworks */,
				C6BD1F0128DDB6F500B440F0 /* Resources */,
				C6DCACA228E2020A00A10D4D /* ShellScript */,
			);
			buildRules = (
			);
			dependencies = (
			);
			name = shortcutHomeAssignment;
			packageProductDependencies = (
			);
			productName = shortcutHomeAssignment;
			productReference = C6BD1F0328DDB6F500B440F0 /* shortcutHomeAssignment.app */;
			productType = "com.apple.product-type.application";
		};
		C6BD1F1828DDB6F900B440F0 /* shortcutHomeAssignmentTests */ = {
			isa = PBXNativeTarget;
			buildConfigurationList = C6BD1F3028DDB6F900B440F0 /* Build configuration list for PBXNativeTarget "shortcutHomeAssignmentTests" */;
			buildPhases = (
				C6BD1F1528DDB6F900B440F0 /* Sources */,
				C6BD1F1628DDB6F900B440F0 /* Frameworks */,
				C6BD1F1728DDB6F900B440F0 /* Resources */,
			);
			buildRules = (
			);
			dependencies = (
				C6BD1F1B28DDB6F900B440F0 /* PBXTargetDependency */,
			);
			name = shortcutHomeAssignmentTests;
			productName = shortcutHomeAssignmentTests;
			productReference = C6BD1F1928DDB6F900B440F0 /* shortcutHomeAssignmentTests.xctest */;
			productType = "com.apple.product-type.bundle.unit-test";
		};
		C6BD1F2228DDB6F900B440F0 /* shortcutHomeAssignmentUITests */ = {
			isa = PBXNativeTarget;
			buildConfigurationList = C6BD1F3328DDB6F900B440F0 /* Build configuration list for PBXNativeTarget "shortcutHomeAssignmentUITests" */;
			buildPhases = (
				C6BD1F1F28DDB6F900B440F0 /* Sources */,
				C6BD1F2028DDB6F900B440F0 /* Frameworks */,
				C6BD1F2128DDB6F900B440F0 /* Resources */,
			);
			buildRules = (
			);
			dependencies = (
				C6BD1F2528DDB6F900B440F0 /* PBXTargetDependency */,
			);
			name = shortcutHomeAssignmentUITests;
			productName = shortcutHomeAssignmentUITests;
			productReference = C6BD1F2328DDB6F900B440F0 /* shortcutHomeAssignmentUITests.xctest */;
			productType = "com.apple.product-type.bundle.ui-testing";
		};
/* End PBXNativeTarget section */

/* Begin PBXProject section */
		C6BD1EFB28DDB6F500B440F0 /* Project object */ = {
			isa = PBXProject;
			attributes = {
				BuildIndependentTargetsInParallel = 1;
				LastSwiftUpdateCheck = 1400;
				LastUpgradeCheck = 1400;
				TargetAttributes = {
					C6BD1F0228DDB6F500B440F0 = {
						CreatedOnToolsVersion = 14.0;
					};
					C6BD1F1828DDB6F900B440F0 = {
						CreatedOnToolsVersion = 14.0;
						TestTargetID = C6BD1F0228DDB6F500B440F0;
					};
					C6BD1F2228DDB6F900B440F0 = {
						CreatedOnToolsVersion = 14.0;
						TestTargetID = C6BD1F0228DDB6F500B440F0;
					};
				};
			};
			buildConfigurationList = C6BD1EFE28DDB6F500B440F0 /* Build configuration list for PBXProject "shortcutHomeAssignment" */;
			compatibilityVersion = "Xcode 14.0";
			developmentRegion = en;
			hasScannedForEncodings = 0;
			knownRegions = (
				en,
				Base,
			);
			mainGroup = C6BD1EFA28DDB6F500B440F0;
			packageReferences = (
				C6DCAC9B28E1FE1800A10D4D /* XCRemoteSwiftPackageReference "swift-format" */,
			);
			productRefGroup = C6BD1F0428DDB6F500B440F0 /* Products */;
			projectDirPath = "";
			projectRoot = "";
			targets = (
				C6BD1F0228DDB6F500B440F0 /* shortcutHomeAssignment */,
				C6BD1F1828DDB6F900B440F0 /* shortcutHomeAssignmentTests */,
				C6BD1F2228DDB6F900B440F0 /* shortcutHomeAssignmentUITests */,
			);
		};
/* End PBXProject section */

/* Begin PBXResourcesBuildPhase section */
		C6BD1F0128DDB6F500B440F0 /* Resources */ = {
			isa = PBXResourcesBuildPhase;
			buildActionMask = 2147483647;
			files = (
				C6DCACA428E2032400A10D4D /* .swiftlint.yml in Resources */,
				C6BD1F1328DDB6F900B440F0 /* LaunchScreen.storyboard in Resources */,
				C6BD1F1028DDB6F900B440F0 /* Assets.xcassets in Resources */,
				C6BD1F0E28DDB6F500B440F0 /* Main.storyboard in Resources */,
			);
			runOnlyForDeploymentPostprocessing = 0;
		};
		C6BD1F1728DDB6F900B440F0 /* Resources */ = {
			isa = PBXResourcesBuildPhase;
			buildActionMask = 2147483647;
			files = (
			);
			runOnlyForDeploymentPostprocessing = 0;
		};
		C6BD1F2128DDB6F900B440F0 /* Resources */ = {
			isa = PBXResourcesBuildPhase;
			buildActionMask = 2147483647;
			files = (
			);
			runOnlyForDeploymentPostprocessing = 0;
		};
/* End PBXResourcesBuildPhase section */

/* Begin PBXShellScriptBuildPhase section */
		C6DCACA228E2020A00A10D4D /* ShellScript */ = {
			isa = PBXShellScriptBuildPhase;
			buildActionMask = 2147483647;
			files = (
			);
			inputFileListPaths = (
			);
			inputPaths = (
			);
			outputFileListPaths = (
			);
			outputPaths = (
			);
			runOnlyForDeploymentPostprocessing = 0;
			shellPath = /bin/sh;
			shellScript = "if which swiftlint > /dev/null; then\n  swiftlint\nelse\n  echo \"warning: SwiftLint not installed\"\nfi\n";
		};
/* End PBXShellScriptBuildPhase section */

/* Begin PBXSourcesBuildPhase section */
		C6BD1EFF28DDB6F500B440F0 /* Sources */ = {
			isa = PBXSourcesBuildPhase;
			buildActionMask = 2147483647;
			files = (
				C684452528DE19D9000F2A82 /* DataProvider.swift in Sources */,
				C684452928DE1B5C000F2A82 /* DataManager.swift in Sources */,
				C60B03C328E08AB1008D4EE3 /* ExplanationViewController.swift in Sources */,
				C6BD1F0B28DDB6F500B440F0 /* ComicViewController.swift in Sources */,
				C684452728DE1A2F000F2A82 /* Comic.swift in Sources */,
				C6BD1F0728DDB6F500B440F0 /* AppDelegate.swift in Sources */,
				C61404D428DF5CFF00424F93 /* DetailsViewController.swift in Sources */,
				C61404D228DF088400424F93 /* ComicCollectionViewCell.swift in Sources */,
				C684452128DE0710000F2A82 /* Network.swift in Sources */,
				C6BD1F0928DDB6F500B440F0 /* SceneDelegate.swift in Sources */,
				C684452328DE198E000F2A82 /* NetworkError.swift in Sources */,
				C60B03C528E099A9008D4EE3 /* ParseHelper.swift in Sources */,
			);
			runOnlyForDeploymentPostprocessing = 0;
		};
		C6BD1F1528DDB6F900B440F0 /* Sources */ = {
			isa = PBXSourcesBuildPhase;
			buildActionMask = 2147483647;
			files = (
				C6BD1F1E28DDB6F900B440F0 /* shortcutHomeAssignmentTests.swift in Sources */,
			);
			runOnlyForDeploymentPostprocessing = 0;
		};
		C6BD1F1F28DDB6F900B440F0 /* Sources */ = {
			isa = PBXSourcesBuildPhase;
			buildActionMask = 2147483647;
			files = (
				C6BD1F2A28DDB6F900B440F0 /* shortcutHomeAssignmentUITestsLaunchTests.swift in Sources */,
				C6BD1F2828DDB6F900B440F0 /* shortcutHomeAssignmentUITests.swift in Sources */,
			);
			runOnlyForDeploymentPostprocessing = 0;
		};
/* End PBXSourcesBuildPhase section */

/* Begin PBXTargetDependency section */
		C6BD1F1B28DDB6F900B440F0 /* PBXTargetDependency */ = {
			isa = PBXTargetDependency;
			target = C6BD1F0228DDB6F500B440F0 /* shortcutHomeAssignment */;
			targetProxy = C6BD1F1A28DDB6F900B440F0 /* PBXContainerItemProxy */;
		};
		C6BD1F2528DDB6F900B440F0 /* PBXTargetDependency */ = {
			isa = PBXTargetDependency;
			target = C6BD1F0228DDB6F500B440F0 /* shortcutHomeAssignment */;
			targetProxy = C6BD1F2428DDB6F900B440F0 /* PBXContainerItemProxy */;
		};
/* End PBXTargetDependency section */

/* Begin PBXVariantGroup section */
		C6BD1F0C28DDB6F500B440F0 /* Main.storyboard */ = {
			isa = PBXVariantGroup;
			children = (
				C6BD1F0D28DDB6F500B440F0 /* Base */,
			);
			name = Main.storyboard;
			sourceTree = "<group>";
		};
		C6BD1F1128DDB6F900B440F0 /* LaunchScreen.storyboard */ = {
			isa = PBXVariantGroup;
			children = (
				C6BD1F1228DDB6F900B440F0 /* Base */,
			);
			name = LaunchScreen.storyboard;
			sourceTree = "<group>";
		};
/* End PBXVariantGroup section */

/* Begin XCBuildConfiguration section */
		C6BD1F2B28DDB6F900B440F0 /* Debug */ = {
			isa = XCBuildConfiguration;
			buildSettings = {
				ALWAYS_SEARCH_USER_PATHS = NO;
				CLANG_ANALYZER_NONNULL = YES;
				CLANG_ANALYZER_NUMBER_OBJECT_CONVERSION = YES_AGGRESSIVE;
				CLANG_CXX_LANGUAGE_STANDARD = "gnu++20";
				CLANG_ENABLE_MODULES = YES;
				CLANG_ENABLE_OBJC_ARC = YES;
				CLANG_ENABLE_OBJC_WEAK = YES;
				CLANG_WARN_BLOCK_CAPTURE_AUTORELEASING = YES;
				CLANG_WARN_BOOL_CONVERSION = YES;
				CLANG_WARN_COMMA = YES;
				CLANG_WARN_CONSTANT_CONVERSION = YES;
				CLANG_WARN_DEPRECATED_OBJC_IMPLEMENTATIONS = YES;
				CLANG_WARN_DIRECT_OBJC_ISA_USAGE = YES_ERROR;
				CLANG_WARN_DOCUMENTATION_COMMENTS = YES;
				CLANG_WARN_EMPTY_BODY = YES;
				CLANG_WARN_ENUM_CONVERSION = YES;
				CLANG_WARN_INFINITE_RECURSION = YES;
				CLANG_WARN_INT_CONVERSION = YES;
				CLANG_WARN_NON_LITERAL_NULL_CONVERSION = YES;
				CLANG_WARN_OBJC_IMPLICIT_RETAIN_SELF = YES;
				CLANG_WARN_OBJC_LITERAL_CONVERSION = YES;
				CLANG_WARN_OBJC_ROOT_CLASS = YES_ERROR;
				CLANG_WARN_QUOTED_INCLUDE_IN_FRAMEWORK_HEADER = YES;
				CLANG_WARN_RANGE_LOOP_ANALYSIS = YES;
				CLANG_WARN_STRICT_PROTOTYPES = YES;
				CLANG_WARN_SUSPICIOUS_MOVE = YES;
				CLANG_WARN_UNGUARDED_AVAILABILITY = YES_AGGRESSIVE;
				CLANG_WARN_UNREACHABLE_CODE = YES;
				CLANG_WARN__DUPLICATE_METHOD_MATCH = YES;
				COPY_PHASE_STRIP = NO;
				DEBUG_INFORMATION_FORMAT = dwarf;
				ENABLE_STRICT_OBJC_MSGSEND = YES;
				ENABLE_TESTABILITY = YES;
				GCC_C_LANGUAGE_STANDARD = gnu11;
				GCC_DYNAMIC_NO_PIC = NO;
				GCC_NO_COMMON_BLOCKS = YES;
				GCC_OPTIMIZATION_LEVEL = 0;
				GCC_PREPROCESSOR_DEFINITIONS = (
					"DEBUG=1",
					"$(inherited)",
				);
				GCC_WARN_64_TO_32_BIT_CONVERSION = YES;
				GCC_WARN_ABOUT_RETURN_TYPE = YES_ERROR;
				GCC_WARN_UNDECLARED_SELECTOR = YES;
				GCC_WARN_UNINITIALIZED_AUTOS = YES_AGGRESSIVE;
				GCC_WARN_UNUSED_FUNCTION = YES;
				GCC_WARN_UNUSED_VARIABLE = YES;
				IPHONEOS_DEPLOYMENT_TARGET = 16.0;
				MTL_ENABLE_DEBUG_INFO = INCLUDE_SOURCE;
				MTL_FAST_MATH = YES;
				ONLY_ACTIVE_ARCH = YES;
				SDKROOT = iphoneos;
				SWIFT_ACTIVE_COMPILATION_CONDITIONS = DEBUG;
				SWIFT_OPTIMIZATION_LEVEL = "-Onone";
			};
			name = Debug;
		};
		C6BD1F2C28DDB6F900B440F0 /* Release */ = {
			isa = XCBuildConfiguration;
			buildSettings = {
				ALWAYS_SEARCH_USER_PATHS = NO;
				CLANG_ANALYZER_NONNULL = YES;
				CLANG_ANALYZER_NUMBER_OBJECT_CONVERSION = YES_AGGRESSIVE;
				CLANG_CXX_LANGUAGE_STANDARD = "gnu++20";
				CLANG_ENABLE_MODULES = YES;
				CLANG_ENABLE_OBJC_ARC = YES;
				CLANG_ENABLE_OBJC_WEAK = YES;
				CLANG_WARN_BLOCK_CAPTURE_AUTORELEASING = YES;
				CLANG_WARN_BOOL_CONVERSION = YES;
				CLANG_WARN_COMMA = YES;
				CLANG_WARN_CONSTANT_CONVERSION = YES;
				CLANG_WARN_DEPRECATED_OBJC_IMPLEMENTATIONS = YES;
				CLANG_WARN_DIRECT_OBJC_ISA_USAGE = YES_ERROR;
				CLANG_WARN_DOCUMENTATION_COMMENTS = YES;
				CLANG_WARN_EMPTY_BODY = YES;
				CLANG_WARN_ENUM_CONVERSION = YES;
				CLANG_WARN_INFINITE_RECURSION = YES;
				CLANG_WARN_INT_CONVERSION = YES;
				CLANG_WARN_NON_LITERAL_NULL_CONVERSION = YES;
				CLANG_WARN_OBJC_IMPLICIT_RETAIN_SELF = YES;
				CLANG_WARN_OBJC_LITERAL_CONVERSION = YES;
				CLANG_WARN_OBJC_ROOT_CLASS = YES_ERROR;
				CLANG_WARN_QUOTED_INCLUDE_IN_FRAMEWORK_HEADER = YES;
				CLANG_WARN_RANGE_LOOP_ANALYSIS = YES;
				CLANG_WARN_STRICT_PROTOTYPES = YES;
				CLANG_WARN_SUSPICIOUS_MOVE = YES;
				CLANG_WARN_UNGUARDED_AVAILABILITY = YES_AGGRESSIVE;
				CLANG_WARN_UNREACHABLE_CODE = YES;
				CLANG_WARN__DUPLICATE_METHOD_MATCH = YES;
				COPY_PHASE_STRIP = NO;
				DEBUG_INFORMATION_FORMAT = "dwarf-with-dsym";
				ENABLE_NS_ASSERTIONS = NO;
				ENABLE_STRICT_OBJC_MSGSEND = YES;
				GCC_C_LANGUAGE_STANDARD = gnu11;
				GCC_NO_COMMON_BLOCKS = YES;
				GCC_WARN_64_TO_32_BIT_CONVERSION = YES;
				GCC_WARN_ABOUT_RETURN_TYPE = YES_ERROR;
				GCC_WARN_UNDECLARED_SELECTOR = YES;
				GCC_WARN_UNINITIALIZED_AUTOS = YES_AGGRESSIVE;
				GCC_WARN_UNUSED_FUNCTION = YES;
				GCC_WARN_UNUSED_VARIABLE = YES;
				IPHONEOS_DEPLOYMENT_TARGET = 16.0;
				MTL_ENABLE_DEBUG_INFO = NO;
				MTL_FAST_MATH = YES;
				SDKROOT = iphoneos;
				SWIFT_COMPILATION_MODE = wholemodule;
				SWIFT_OPTIMIZATION_LEVEL = "-O";
				VALIDATE_PRODUCT = YES;
			};
			name = Release;
		};
		C6BD1F2E28DDB6F900B440F0 /* Debug */ = {
			isa = XCBuildConfiguration;
			buildSettings = {
				ASSETCATALOG_COMPILER_APPICON_NAME = AppIcon;
				ASSETCATALOG_COMPILER_GLOBAL_ACCENT_COLOR_NAME = AccentColor;
				CODE_SIGN_STYLE = Automatic;
				CURRENT_PROJECT_VERSION = 1;
				GENERATE_INFOPLIST_FILE = YES;
				INFOPLIST_FILE = shortcutHomeAssignment/Info.plist;
				INFOPLIST_KEY_UIApplicationSupportsIndirectInputEvents = YES;
				INFOPLIST_KEY_UILaunchStoryboardName = LaunchScreen;
				INFOPLIST_KEY_UIMainStoryboardFile = Main;
				INFOPLIST_KEY_UISupportedInterfaceOrientations_iPad = "UIInterfaceOrientationPortrait UIInterfaceOrientationPortraitUpsideDown UIInterfaceOrientationLandscapeLeft UIInterfaceOrientationLandscapeRight";
				INFOPLIST_KEY_UISupportedInterfaceOrientations_iPhone = "UIInterfaceOrientationPortrait UIInterfaceOrientationLandscapeLeft UIInterfaceOrientationLandscapeRight";
				LD_RUNPATH_SEARCH_PATHS = (
					"$(inherited)",
					"@executable_path/Frameworks",
				);
				MARKETING_VERSION = 1.0;
				PRODUCT_BUNDLE_IDENTIFIER = ludaInc.shortcutHomeAssignment;
				PRODUCT_NAME = "$(TARGET_NAME)";
				SWIFT_EMIT_LOC_STRINGS = YES;
				SWIFT_VERSION = 5.0;
				TARGETED_DEVICE_FAMILY = "1,2";
			};
			name = Debug;
		};
		C6BD1F2F28DDB6F900B440F0 /* Release */ = {
			isa = XCBuildConfiguration;
			buildSettings = {
				ASSETCATALOG_COMPILER_APPICON_NAME = AppIcon;
				ASSETCATALOG_COMPILER_GLOBAL_ACCENT_COLOR_NAME = AccentColor;
				CODE_SIGN_STYLE = Automatic;
				CURRENT_PROJECT_VERSION = 1;
				GENERATE_INFOPLIST_FILE = YES;
				INFOPLIST_FILE = shortcutHomeAssignment/Info.plist;
				INFOPLIST_KEY_UIApplicationSupportsIndirectInputEvents = YES;
				INFOPLIST_KEY_UILaunchStoryboardName = LaunchScreen;
				INFOPLIST_KEY_UIMainStoryboardFile = Main;
				INFOPLIST_KEY_UISupportedInterfaceOrientations_iPad = "UIInterfaceOrientationPortrait UIInterfaceOrientationPortraitUpsideDown UIInterfaceOrientationLandscapeLeft UIInterfaceOrientationLandscapeRight";
				INFOPLIST_KEY_UISupportedInterfaceOrientations_iPhone = "UIInterfaceOrientationPortrait UIInterfaceOrientationLandscapeLeft UIInterfaceOrientationLandscapeRight";
				LD_RUNPATH_SEARCH_PATHS = (
					"$(inherited)",
					"@executable_path/Frameworks",
				);
				MARKETING_VERSION = 1.0;
				PRODUCT_BUNDLE_IDENTIFIER = ludaInc.shortcutHomeAssignment;
				PRODUCT_NAME = "$(TARGET_NAME)";
				SWIFT_EMIT_LOC_STRINGS = YES;
				SWIFT_VERSION = 5.0;
				TARGETED_DEVICE_FAMILY = "1,2";
			};
			name = Release;
		};
		C6BD1F3128DDB6F900B440F0 /* Debug */ = {
			isa = XCBuildConfiguration;
			buildSettings = {
				ALWAYS_EMBED_SWIFT_STANDARD_LIBRARIES = YES;
				BUNDLE_LOADER = "$(TEST_HOST)";
				CODE_SIGN_STYLE = Automatic;
				CURRENT_PROJECT_VERSION = 1;
				GENERATE_INFOPLIST_FILE = YES;
				IPHONEOS_DEPLOYMENT_TARGET = 16.0;
				MARKETING_VERSION = 1.0;
				PRODUCT_BUNDLE_IDENTIFIER = ludaInc.shortcutHomeAssignmentTests;
				PRODUCT_NAME = "$(TARGET_NAME)";
				SWIFT_EMIT_LOC_STRINGS = NO;
				SWIFT_VERSION = 5.0;
				TARGETED_DEVICE_FAMILY = "1,2";
				TEST_HOST = "$(BUILT_PRODUCTS_DIR)/shortcutHomeAssignment.app/$(BUNDLE_EXECUTABLE_FOLDER_PATH)/shortcutHomeAssignment";
			};
			name = Debug;
		};
		C6BD1F3228DDB6F900B440F0 /* Release */ = {
			isa = XCBuildConfiguration;
			buildSettings = {
				ALWAYS_EMBED_SWIFT_STANDARD_LIBRARIES = YES;
				BUNDLE_LOADER = "$(TEST_HOST)";
				CODE_SIGN_STYLE = Automatic;
				CURRENT_PROJECT_VERSION = 1;
				GENERATE_INFOPLIST_FILE = YES;
				IPHONEOS_DEPLOYMENT_TARGET = 16.0;
				MARKETING_VERSION = 1.0;
				PRODUCT_BUNDLE_IDENTIFIER = ludaInc.shortcutHomeAssignmentTests;
				PRODUCT_NAME = "$(TARGET_NAME)";
				SWIFT_EMIT_LOC_STRINGS = NO;
				SWIFT_VERSION = 5.0;
				TARGETED_DEVICE_FAMILY = "1,2";
				TEST_HOST = "$(BUILT_PRODUCTS_DIR)/shortcutHomeAssignment.app/$(BUNDLE_EXECUTABLE_FOLDER_PATH)/shortcutHomeAssignment";
			};
			name = Release;
		};
		C6BD1F3428DDB6F900B440F0 /* Debug */ = {
			isa = XCBuildConfiguration;
			buildSettings = {
				ALWAYS_EMBED_SWIFT_STANDARD_LIBRARIES = YES;
				CODE_SIGN_STYLE = Automatic;
				CURRENT_PROJECT_VERSION = 1;
				GENERATE_INFOPLIST_FILE = YES;
				MARKETING_VERSION = 1.0;
				PRODUCT_BUNDLE_IDENTIFIER = ludaInc.shortcutHomeAssignmentUITests;
				PRODUCT_NAME = "$(TARGET_NAME)";
				SWIFT_EMIT_LOC_STRINGS = NO;
				SWIFT_VERSION = 5.0;
				TARGETED_DEVICE_FAMILY = "1,2";
				TEST_TARGET_NAME = shortcutHomeAssignment;
			};
			name = Debug;
		};
		C6BD1F3528DDB6F900B440F0 /* Release */ = {
			isa = XCBuildConfiguration;
			buildSettings = {
				ALWAYS_EMBED_SWIFT_STANDARD_LIBRARIES = YES;
				CODE_SIGN_STYLE = Automatic;
				CURRENT_PROJECT_VERSION = 1;
				GENERATE_INFOPLIST_FILE = YES;
				MARKETING_VERSION = 1.0;
				PRODUCT_BUNDLE_IDENTIFIER = ludaInc.shortcutHomeAssignmentUITests;
				PRODUCT_NAME = "$(TARGET_NAME)";
				SWIFT_EMIT_LOC_STRINGS = NO;
				SWIFT_VERSION = 5.0;
				TARGETED_DEVICE_FAMILY = "1,2";
				TEST_TARGET_NAME = shortcutHomeAssignment;
			};
			name = Release;
		};
/* End XCBuildConfiguration section */

/* Begin XCConfigurationList section */
		C6BD1EFE28DDB6F500B440F0 /* Build configuration list for PBXProject "shortcutHomeAssignment" */ = {
			isa = XCConfigurationList;
			buildConfigurations = (
				C6BD1F2B28DDB6F900B440F0 /* Debug */,
				C6BD1F2C28DDB6F900B440F0 /* Release */,
			);
			defaultConfigurationIsVisible = 0;
			defaultConfigurationName = Release;
		};
		C6BD1F2D28DDB6F900B440F0 /* Build configuration list for PBXNativeTarget "shortcutHomeAssignment" */ = {
			isa = XCConfigurationList;
			buildConfigurations = (
				C6BD1F2E28DDB6F900B440F0 /* Debug */,
				C6BD1F2F28DDB6F900B440F0 /* Release */,
			);
			defaultConfigurationIsVisible = 0;
			defaultConfigurationName = Release;
		};
		C6BD1F3028DDB6F900B440F0 /* Build configuration list for PBXNativeTarget "shortcutHomeAssignmentTests" */ = {
			isa = XCConfigurationList;
			buildConfigurations = (
				C6BD1F3128DDB6F900B440F0 /* Debug */,
				C6BD1F3228DDB6F900B440F0 /* Release */,
			);
			defaultConfigurationIsVisible = 0;
			defaultConfigurationName = Release;
		};
		C6BD1F3328DDB6F900B440F0 /* Build configuration list for PBXNativeTarget "shortcutHomeAssignmentUITests" */ = {
			isa = XCConfigurationList;
			buildConfigurations = (
				C6BD1F3428DDB6F900B440F0 /* Debug */,
				C6BD1F3528DDB6F900B440F0 /* Release */,
			);
			defaultConfigurationIsVisible = 0;
			defaultConfigurationName = Release;
		};
/* End XCConfigurationList section */

/* Begin XCRemoteSwiftPackageReference section */
		C6DCAC9B28E1FE1800A10D4D /* XCRemoteSwiftPackageReference "swift-format" */ = {
			isa = XCRemoteSwiftPackageReference;
			repositoryURL = "https://github.com/apple/swift-format.git";
			requirement = {
				kind = upToNextMajorVersion;
				minimumVersion = 0.50700.0;
			};
		};
/* End XCRemoteSwiftPackageReference section */
	};
	rootObject = C6BD1EFB28DDB6F500B440F0 /* Project object */;
}
